
Microsoft Visual Studio Solution File, Format Version 12.00
# Visual Studio Version 16
VisualStudioVersion = 16.0.29020.237
MinimumVisualStudioVersion = 10.0.40219.1
Project("{FAE04EC0-301F-11D3-BF4B-00C04F79EFBC}") = "Arca_de_los_Tesoros", "Arca_de_los_Tesoros\Arca_de_los_Tesoros.csproj", "{8716F6B1-22BC-4AEC-AEA4-8D806312FE2E}"
	ProjectSection(ProjectDependencies) = postProject
		{8D59AF01-C8E7-467C-90A3-79534FEF7105} = {8D59AF01-C8E7-467C-90A3-79534FEF7105}
		{0ABA534B-1BA5-4DD9-9EEC-66AAC0B74E8B} = {0ABA534B-1BA5-4DD9-9EEC-66AAC0B74E8B}
		{A9C98F5D-1F24-4675-A840-7E6BD983A3D8} = {A9C98F5D-1F24-4675-A840-7E6BD983A3D8}
		{69CF97AA-9F33-4E58-B95F-4BC334AEBF3A} = {69CF97AA-9F33-4E58-B95F-4BC334AEBF3A}
		{5D47BDD6-7F9D-4624-BC7D-A5FE0E8729AF} = {5D47BDD6-7F9D-4624-BC7D-A5FE0E8729AF}
	EndProjectSection
EndProject
Project("{FAE04EC0-301F-11D3-BF4B-00C04F79EFBC}") = "Coordinadores_de_Dia", "Coordinadores_de_Dia\Coordinadores_de_Dia.csproj", "{0ABA534B-1BA5-4DD9-9EEC-66AAC0B74E8B}"
	ProjectSection(ProjectDependencies) = postProject
		{8D59AF01-C8E7-467C-90A3-79534FEF7105} = {8D59AF01-C8E7-467C-90A3-79534FEF7105}
		{69CF97AA-9F33-4E58-B95F-4BC334AEBF3A} = {69CF97AA-9F33-4E58-B95F-4BC334AEBF3A}
		{5D47BDD6-7F9D-4624-BC7D-A5FE0E8729AF} = {5D47BDD6-7F9D-4624-BC7D-A5FE0E8729AF}
	EndProjectSection
EndProject
Project("{FAE04EC0-301F-11D3-BF4B-00C04F79EFBC}") = "Core", "Core\Core.csproj", "{69CF97AA-9F33-4E58-B95F-4BC334AEBF3A}"
EndProject
Project("{FAE04EC0-301F-11D3-BF4B-00C04F79EFBC}") = "Coordinadores_de_Edad", "Coordinadores_de_Edad\Coordinadores_de_Edad.csproj", "{A9C98F5D-1F24-4675-A840-7E6BD983A3D8}"
	ProjectSection(ProjectDependencies) = postProject
		{8D59AF01-C8E7-467C-90A3-79534FEF7105} = {8D59AF01-C8E7-467C-90A3-79534FEF7105}
		{0ABA534B-1BA5-4DD9-9EEC-66AAC0B74E8B} = {0ABA534B-1BA5-4DD9-9EEC-66AAC0B74E8B}
		{69CF97AA-9F33-4E58-B95F-4BC334AEBF3A} = {69CF97AA-9F33-4E58-B95F-4BC334AEBF3A}
		{5D47BDD6-7F9D-4624-BC7D-A5FE0E8729AF} = {5D47BDD6-7F9D-4624-BC7D-A5FE0E8729AF}
	EndProjectSection
EndProject
Project("{FAE04EC0-301F-11D3-BF4B-00C04F79EFBC}") = "Diacono", "Diacono\Diacono.csproj", "{5D47BDD6-7F9D-4624-BC7D-A5FE0E8729AF}"
	ProjectSection(ProjectDependencies) = postProject
		{8D59AF01-C8E7-467C-90A3-79534FEF7105} = {8D59AF01-C8E7-467C-90A3-79534FEF7105}
		{69CF97AA-9F33-4E58-B95F-4BC334AEBF3A} = {69CF97AA-9F33-4E58-B95F-4BC334AEBF3A}
	EndProjectSection
EndProject
Project("{FAE04EC0-301F-11D3-BF4B-00C04F79EFBC}") = "Anciano", "Anciano\Anciano.csproj", "{8D59AF01-C8E7-467C-90A3-79534FEF7105}"
	ProjectSection(ProjectDependencies) = postProject
		{69CF97AA-9F33-4E58-B95F-4BC334AEBF3A} = {69CF97AA-9F33-4E58-B95F-4BC334AEBF3A}
	EndProjectSection
EndProject
Global
	GlobalSection(SolutionConfigurationPlatforms) = preSolution
		Debug|Any CPU = Debug|Any CPU
		Debug|x86 = Debug|x86
		Release|Any CPU = Release|Any CPU
		Release|x86 = Release|x86
	EndGlobalSection
	GlobalSection(ProjectConfigurationPlatforms) = postSolution
		{8716F6B1-22BC-4AEC-AEA4-8D806312FE2E}.Debug|Any CPU.ActiveCfg = Debug|Any CPU
		{8716F6B1-22BC-4AEC-AEA4-8D806312FE2E}.Debug|Any CPU.Build.0 = Debug|Any CPU
		{8716F6B1-22BC-4AEC-AEA4-8D806312FE2E}.Debug|x86.ActiveCfg = Debug|x86
		{8716F6B1-22BC-4AEC-AEA4-8D806312FE2E}.Debug|x86.Build.0 = Debug|x86
		{8716F6B1-22BC-4AEC-AEA4-8D806312FE2E}.Release|Any CPU.ActiveCfg = Release|Any CPU
		{8716F6B1-22BC-4AEC-AEA4-8D806312FE2E}.Release|Any CPU.Build.0 = Release|Any CPU
		{8716F6B1-22BC-4AEC-AEA4-8D806312FE2E}.Release|x86.ActiveCfg = Release|x86
		{8716F6B1-22BC-4AEC-AEA4-8D806312FE2E}.Release|x86.Build.0 = Release|x86
		{0ABA534B-1BA5-4DD9-9EEC-66AAC0B74E8B}.Debug|Any CPU.ActiveCfg = Debug|Any CPU
		{0ABA534B-1BA5-4DD9-9EEC-66AAC0B74E8B}.Debug|Any CPU.Build.0 = Debug|Any CPU
		{0ABA534B-1BA5-4DD9-9EEC-66AAC0B74E8B}.Debug|x86.ActiveCfg = Debug|x86
		{0ABA534B-1BA5-4DD9-9EEC-66AAC0B74E8B}.Debug|x86.Build.0 = Debug|x86
		{0ABA534B-1BA5-4DD9-9EEC-66AAC0B74E8B}.Release|Any CPU.ActiveCfg = Release|Any CPU
		{0ABA534B-1BA5-4DD9-9EEC-66AAC0B74E8B}.Release|Any CPU.Build.0 = Release|Any CPU
		{0ABA534B-1BA5-4DD9-9EEC-66AAC0B74E8B}.Release|x86.ActiveCfg = Release|x86
		{0ABA534B-1BA5-4DD9-9EEC-66AAC0B74E8B}.Release|x86.Build.0 = Release|x86
		{69CF97AA-9F33-4E58-B95F-4BC334AEBF3A}.Debug|Any CPU.ActiveCfg = Debug|Any CPU
		{69CF97AA-9F33-4E58-B95F-4BC334AEBF3A}.Debug|Any CPU.Build.0 = Debug|Any CPU
		{69CF97AA-9F33-4E58-B95F-4BC334AEBF3A}.Debug|x86.ActiveCfg = Debug|x86
		{69CF97AA-9F33-4E58-B95F-4BC334AEBF3A}.Debug|x86.Build.0 = Debug|x86
		{69CF97AA-9F33-4E58-B95F-4BC334AEBF3A}.Release|Any CPU.ActiveCfg = Release|Any CPU
		{69CF97AA-9F33-4E58-B95F-4BC334AEBF3A}.Release|Any CPU.Build.0 = Release|Any CPU
		{69CF97AA-9F33-4E58-B95F-4BC334AEBF3A}.Release|x86.ActiveCfg = Release|x86
		{69CF97AA-9F33-4E58-B95F-4BC334AEBF3A}.Release|x86.Build.0 = Release|x86
		{A9C98F5D-1F24-4675-A840-7E6BD983A3D8}.Debug|Any CPU.ActiveCfg = Debug|Any CPU
		{A9C98F5D-1F24-4675-A840-7E6BD983A3D8}.Debug|Any CPU.Build.0 = Debug|Any CPU
		{A9C98F5D-1F24-4675-A840-7E6BD983A3D8}.Debug|x86.ActiveCfg = Debug|x86
		{A9C98F5D-1F24-4675-A840-7E6BD983A3D8}.Debug|x86.Build.0 = Debug|x86
		{A9C98F5D-1F24-4675-A840-7E6BD983A3D8}.Release|Any CPU.ActiveCfg = Release|Any CPU
		{A9C98F5D-1F24-4675-A840-7E6BD983A3D8}.Release|Any CPU.Build.0 = Release|Any CPU
		{A9C98F5D-1F24-4675-A840-7E6BD983A3D8}.Release|x86.ActiveCfg = Release|x86
		{A9C98F5D-1F24-4675-A840-7E6BD983A3D8}.Release|x86.Build.0 = Release|x86
		{5D47BDD6-7F9D-4624-BC7D-A5FE0E8729AF}.Debug|Any CPU.ActiveCfg = Debug|Any CPU
		{5D47BDD6-7F9D-4624-BC7D-A5FE0E8729AF}.Debug|Any CPU.Build.0 = Debug|Any CPU
		{5D47BDD6-7F9D-4624-BC7D-A5FE0E8729AF}.Debug|x86.ActiveCfg = Debug|x86
		{5D47BDD6-7F9D-4624-BC7D-A5FE0E8729AF}.Debug|x86.Build.0 = Debug|x86
		{5D47BDD6-7F9D-4624-BC7D-A5FE0E8729AF}.Release|Any CPU.ActiveCfg = Release|Any CPU
		{5D47BDD6-7F9D-4624-BC7D-A5FE0E8729AF}.Release|Any CPU.Build.0 = Release|Any CPU
		{5D47BDD6-7F9D-4624-BC7D-A5FE0E8729AF}.Release|x86.ActiveCfg = Release|x86
		{5D47BDD6-7F9D-4624-BC7D-A5FE0E8729AF}.Release|x86.Build.0 = Release|x86
		{8D59AF01-C8E7-467C-90A3-79534FEF7105}.Debug|Any CPU.ActiveCfg = Debug|Any CPU
		{8D59AF01-C8E7-467C-90A3-79534FEF7105}.Debug|Any CPU.Build.0 = Debug|Any CPU
		{8D59AF01-C8E7-467C-90A3-79534FEF7105}.Debug|x86.ActiveCfg = Debug|x86
		{8D59AF01-C8E7-467C-90A3-79534FEF7105}.Debug|x86.Build.0 = Debug|x86
		{8D59AF01-C8E7-467C-90A3-79534FEF7105}.Release|Any CPU.ActiveCfg = Release|Any CPU
		{8D59AF01-C8E7-467C-90A3-79534FEF7105}.Release|Any CPU.Build.0 = Release|Any CPU
		{8D59AF01-C8E7-467C-90A3-79534FEF7105}.Release|x86.ActiveCfg = Release|x86
		{8D59AF01-C8E7-467C-90A3-79534FEF7105}.Release|x86.Build.0 = Release|x86
	EndGlobalSection
	GlobalSection(SolutionProperties) = preSolution
		HideSolutionNode = FALSE
	EndGlobalSection
	GlobalSection(ExtensibilityGlobals) = postSolution
		SolutionGuid = {8871FFD1-2B64-42D9-A918-7350990A45B1}
	EndGlobalSection
EndGlobal
